
Microsoft Visual Studio Solution File, Format Version 12.00
# Visual Studio Version 16
VisualStudioVersion = 16.0.31410.357
MinimumVisualStudioVersion = 10.0.40219.1
Project("{FAE04EC0-301F-11D3-BF4B-00C04F79EFBC}") = "WpfTraining", "WpfTraining.csproj", "{A3724AE9-7A18-4095-A448-54E94E9DBE70}"
EndProject
Global
	GlobalSection(SolutionConfigurationPlatforms) = preSolution
		Debug|Any CPU = Debug|Any CPU
		Release|Any CPU = Release|Any CPU
	EndGlobalSection
	GlobalSection(ProjectConfigurationPlatforms) = postSolution
		{A3724AE9-7A18-4095-A448-54E94E9DBE70}.Debug|Any CPU.ActiveCfg = Debug|Any CPU
		{A3724AE9-7A18-4095-A448-54E94E9DBE70}.Debug|Any CPU.Build.0 = Debug|Any CPU
		{A3724AE9-7A18-4095-A448-54E94E9DBE70}.Release|Any CPU.ActiveCfg = Release|Any CPU
		{A3724AE9-7A18-4095-A448-54E94E9DBE70}.Release|Any CPU.Build.0 = Release|Any CPU
	EndGlobalSection
	GlobalSection(SolutionProperties) = preSolution
		HideSolutionNode = FALSE
	EndGlobalSection
	GlobalSection(ExtensibilityGlobals) = postSolution
		SolutionGuid = {A11C009F-D301-4CEB-ADF0-C334DB20EDD3}
	EndGlobalSection
EndGlobal
